
Microsoft Visual Studio Solution File, Format Version 12.00
# Visual Studio 15
VisualStudioVersion = 15.0.26430.4
MinimumVisualStudioVersion = 10.0.40219.1
Project("{8BC9CEB8-8B4A-11D0-8D11-00A0C91BC942}") = "libyuv", "3rdparty\libyuv\libyuv.vcxproj", "{6A17CB88-F0BC-3A3E-A739-ADA98D51ED38}"
EndProject
Project("{2150E333-8FDC-42A3-9474-1A3956D46DE8}") = "3rdparty", "3rdparty", "{9FFC6DBE-A94A-4C0C-993A-D2EEF8A5722F}"
EndProject
Project("{8BC9CEB8-8B4A-11D0-8D11-00A0C91BC942}") = "zlib-ng", "3rdparty\zlib-ng\zlib-ng.vcxproj", "{395D8CA6-16E7-3C44-B8FA-65F713925FAE}"
EndProject
Project("{8BC9CEB8-8B4A-11D0-8D11-00A0C91BC942}") = "libvpx", "3rdparty\libvpx\build\libvpx.vcxproj", "{DCE19DAF-69AC-46DB-B14A-39F0FAA5DB74}"
EndProject
Project("{8BC9CEB8-8B4A-11D0-8D11-00A0C91BC942}") = "libglog", "3rdparty\libglog\libglog.vcxproj", "{772C2111-BBBF-49E6-B912-198A7F7A88E5}"
	ProjectSection(ProjectDependencies) = postProject
		{099C44D6-3437-300D-BEF0-BD1A1FA56125} = {099C44D6-3437-300D-BEF0-BD1A1FA56125}
	EndProjectSection
EndProject
Project("{8BC9CEB8-8B4A-11D0-8D11-00A0C91BC942}") = "libprotobuf", "3rdparty\protobuf\libprotobuf.vcxproj", "{B76F2358-5D05-38B8-94E4-37EC73ED3150}"
EndProject
Project("{8BC9CEB8-8B4A-11D0-8D11-00A0C91BC942}") = "libprotobuf-lite", "3rdparty\protobuf\libprotobuf-lite.vcxproj", "{03FC4656-A7ED-3694-9524-871E7C13009F}"
EndProject
Project("{8BC9CEB8-8B4A-11D0-8D11-00A0C91BC942}") = "protoc", "3rdparty\protobuf\protoc.vcxproj", "{69C31EB9-3AE7-39D9-9CCD-E94FBAE57CBE}"
EndProject
Project("{8BC9CEB8-8B4A-11D0-8D11-00A0C91BC942}") = "gtest", "3rdparty\gtest\gtest.vcxproj", "{B01F5AA9-2917-3414-BA68-F756D95BFE7D}"
EndProject
Project("{8BC9CEB8-8B4A-11D0-8D11-00A0C91BC942}") = "display", "mirror\display\display.vcxproj", "{CCC10EA9-31C5-489F-8632-B294AEE1CE30}"
EndProject
Project("{8BC9CEB8-8B4A-11D0-8D11-00A0C91BC942}") = "miniport", "mirror\miniport\miniport.vcxproj", "{3CB92653-573D-43FF-BB63-581D14ACA6E2}"
EndProject
Project("{2150E333-8FDC-42A3-9474-1A3956D46DE8}") = "mirror", "mirror", "{49FFD091-537D-45B3-B828-F53045954BCE}"
EndProject
Project("{8BC9CEB8-8B4A-11D0-8D11-00A0C91BC942}") = "gflags", "3rdparty\gflags\gflags.vcxproj", "{099C44D6-3437-300D-BEF0-BD1A1FA56125}"
EndProject
Project("{2150E333-8FDC-42A3-9474-1A3956D46DE8}") = "opus", "opus", "{FA009D11-9BAC-4721-ABF2-3B7CDE607669}"
EndProject
Project("{8BC9CEB8-8B4A-11D0-8D11-00A0C91BC942}") = "celt", "3rdparty\opus\celt.vcxproj", "{245603E3-F580-41A5-9632-B25FE3372CBF}"
EndProject
Project("{8BC9CEB8-8B4A-11D0-8D11-00A0C91BC942}") = "opus", "3rdparty\opus\opus.vcxproj", "{219EC965-228A-1824-174D-96449D05F88A}"
EndProject
Project("{8BC9CEB8-8B4A-11D0-8D11-00A0C91BC942}") = "silk_common", "3rdparty\opus\silk_common.vcxproj", "{C303D2FC-FF97-49B8-9DDD-467B4C9A0B16}"
EndProject
Project("{8BC9CEB8-8B4A-11D0-8D11-00A0C91BC942}") = "silk_fixed", "3rdparty\opus\silk_fixed.vcxproj", "{8484C90D-1561-402F-A91D-2DB10F8C5171}"
EndProject
Project("{8BC9CEB8-8B4A-11D0-8D11-00A0C91BC942}") = "silk_float", "3rdparty\opus\silk_float.vcxproj", "{9C4961D2-5DDB-40C7-9BE8-CA918DC4E782}"
EndProject
Project("{8BC9CEB8-8B4A-11D0-8D11-00A0C91BC942}") = "libprotoc", "3rdparty\protobuf\libprotoc.vcxproj", "{50F2F748-A976-3AAC-97F5-35A573428CE6}"
	ProjectSection(ProjectDependencies) = postProject
		{03FC4656-A7ED-3694-9524-871E7C13009F} = {03FC4656-A7ED-3694-9524-871E7C13009F}
		{B76F2358-5D05-38B8-94E4-37EC73ED3150} = {B76F2358-5D05-38B8-94E4-37EC73ED3150}
	EndProjectSection
EndProject
Project("{8BC9CEB8-8B4A-11D0-8D11-00A0C91BC942}") = "aspia", "aspia.vcxproj", "{B4B5FBB6-4E1C-43DB-B73E-6AE3C9AA2AC5}"
	ProjectSection(ProjectDependencies) = postProject
		{8484C90D-1561-402F-A91D-2DB10F8C5171} = {8484C90D-1561-402F-A91D-2DB10F8C5171}
		{772C2111-BBBF-49E6-B912-198A7F7A88E5} = {772C2111-BBBF-49E6-B912-198A7F7A88E5}
		{03FC4656-A7ED-3694-9524-871E7C13009F} = {03FC4656-A7ED-3694-9524-871E7C13009F}
		{219EC965-228A-1824-174D-96449D05F88A} = {219EC965-228A-1824-174D-96449D05F88A}
		{6A17CB88-F0BC-3A3E-A739-ADA98D51ED38} = {6A17CB88-F0BC-3A3E-A739-ADA98D51ED38}
		{395D8CA6-16E7-3C44-B8FA-65F713925FAE} = {395D8CA6-16E7-3C44-B8FA-65F713925FAE}
		{DCE19DAF-69AC-46DB-B14A-39F0FAA5DB74} = {DCE19DAF-69AC-46DB-B14A-39F0FAA5DB74}
		{9C4961D2-5DDB-40C7-9BE8-CA918DC4E782} = {9C4961D2-5DDB-40C7-9BE8-CA918DC4E782}
		{099C44D6-3437-300D-BEF0-BD1A1FA56125} = {099C44D6-3437-300D-BEF0-BD1A1FA56125}
		{245603E3-F580-41A5-9632-B25FE3372CBF} = {245603E3-F580-41A5-9632-B25FE3372CBF}
		{C303D2FC-FF97-49B8-9DDD-467B4C9A0B16} = {C303D2FC-FF97-49B8-9DDD-467B4C9A0B16}
	EndProjectSection
EndProject
Global
	GlobalSection(SolutionConfigurationPlatforms) = preSolution
		Debug|Win32 = Debug|Win32
		Debug|x64 = Debug|x64
		Release (x64)|Win32 = Release (x64)|Win32
		Release (x64)|x64 = Release (x64)|x64
		Release|Win32 = Release|Win32
		Release|x64 = Release|x64
	EndGlobalSection
	GlobalSection(ProjectConfigurationPlatforms) = postSolution
		{6A17CB88-F0BC-3A3E-A739-ADA98D51ED38}.Debug|Win32.ActiveCfg = Debug|Win32
		{6A17CB88-F0BC-3A3E-A739-ADA98D51ED38}.Debug|Win32.Build.0 = Debug|Win32
		{6A17CB88-F0BC-3A3E-A739-ADA98D51ED38}.Debug|x64.ActiveCfg = Debug|Win32
		{6A17CB88-F0BC-3A3E-A739-ADA98D51ED38}.Release (x64)|Win32.ActiveCfg = Release (x64)|Win32
		{6A17CB88-F0BC-3A3E-A739-ADA98D51ED38}.Release (x64)|Win32.Build.0 = Release (x64)|Win32
		{6A17CB88-F0BC-3A3E-A739-ADA98D51ED38}.Release (x64)|x64.ActiveCfg = Release (x64)|x64
		{6A17CB88-F0BC-3A3E-A739-ADA98D51ED38}.Release|Win32.ActiveCfg = Release|Win32
		{6A17CB88-F0BC-3A3E-A739-ADA98D51ED38}.Release|Win32.Build.0 = Release|Win32
		{6A17CB88-F0BC-3A3E-A739-ADA98D51ED38}.Release|x64.ActiveCfg = Release|Win32
		{395D8CA6-16E7-3C44-B8FA-65F713925FAE}.Debug|Win32.ActiveCfg = Debug|Win32
		{395D8CA6-16E7-3C44-B8FA-65F713925FAE}.Debug|Win32.Build.0 = Debug|Win32
		{395D8CA6-16E7-3C44-B8FA-65F713925FAE}.Debug|x64.ActiveCfg = Debug|Win32
		{395D8CA6-16E7-3C44-B8FA-65F713925FAE}.Release (x64)|Win32.ActiveCfg = Release (x64)|Win32
		{395D8CA6-16E7-3C44-B8FA-65F713925FAE}.Release (x64)|Win32.Build.0 = Release (x64)|Win32
		{395D8CA6-16E7-3C44-B8FA-65F713925FAE}.Release (x64)|x64.ActiveCfg = Release (x64)|x64
		{395D8CA6-16E7-3C44-B8FA-65F713925FAE}.Release|Win32.ActiveCfg = Release|Win32
		{395D8CA6-16E7-3C44-B8FA-65F713925FAE}.Release|Win32.Build.0 = Release|Win32
		{395D8CA6-16E7-3C44-B8FA-65F713925FAE}.Release|x64.ActiveCfg = Release|Win32
		{DCE19DAF-69AC-46DB-B14A-39F0FAA5DB74}.Debug|Win32.ActiveCfg = Debug|Win32
		{DCE19DAF-69AC-46DB-B14A-39F0FAA5DB74}.Debug|Win32.Build.0 = Debug|Win32
		{DCE19DAF-69AC-46DB-B14A-39F0FAA5DB74}.Debug|x64.ActiveCfg = Debug|Win32
		{DCE19DAF-69AC-46DB-B14A-39F0FAA5DB74}.Release (x64)|Win32.ActiveCfg = Release (x64)|Win32
		{DCE19DAF-69AC-46DB-B14A-39F0FAA5DB74}.Release (x64)|Win32.Build.0 = Release (x64)|Win32
		{DCE19DAF-69AC-46DB-B14A-39F0FAA5DB74}.Release (x64)|x64.ActiveCfg = Release (x64)|x64
		{DCE19DAF-69AC-46DB-B14A-39F0FAA5DB74}.Release|Win32.ActiveCfg = Release|Win32
		{DCE19DAF-69AC-46DB-B14A-39F0FAA5DB74}.Release|Win32.Build.0 = Release|Win32
		{DCE19DAF-69AC-46DB-B14A-39F0FAA5DB74}.Release|x64.ActiveCfg = Release|Win32
		{772C2111-BBBF-49E6-B912-198A7F7A88E5}.Debug|Win32.ActiveCfg = Debug|Win32
		{772C2111-BBBF-49E6-B912-198A7F7A88E5}.Debug|Win32.Build.0 = Debug|Win32
		{772C2111-BBBF-49E6-B912-198A7F7A88E5}.Debug|x64.ActiveCfg = Debug|Win32
		{772C2111-BBBF-49E6-B912-198A7F7A88E5}.Release (x64)|Win32.ActiveCfg = Release (x64)|Win32
		{772C2111-BBBF-49E6-B912-198A7F7A88E5}.Release (x64)|Win32.Build.0 = Release (x64)|Win32
		{772C2111-BBBF-49E6-B912-198A7F7A88E5}.Release (x64)|x64.ActiveCfg = Release (x64)|x64
		{772C2111-BBBF-49E6-B912-198A7F7A88E5}.Release|Win32.ActiveCfg = Release|Win32
		{772C2111-BBBF-49E6-B912-198A7F7A88E5}.Release|Win32.Build.0 = Release|Win32
		{772C2111-BBBF-49E6-B912-198A7F7A88E5}.Release|x64.ActiveCfg = Release|Win32
		{B76F2358-5D05-38B8-94E4-37EC73ED3150}.Debug|Win32.ActiveCfg = Debug|Win32
		{B76F2358-5D05-38B8-94E4-37EC73ED3150}.Debug|Win32.Build.0 = Debug|Win32
		{B76F2358-5D05-38B8-94E4-37EC73ED3150}.Debug|x64.ActiveCfg = Debug|Win32
		{B76F2358-5D05-38B8-94E4-37EC73ED3150}.Release (x64)|Win32.ActiveCfg = Release (x64)|Win32
		{B76F2358-5D05-38B8-94E4-37EC73ED3150}.Release (x64)|Win32.Build.0 = Release (x64)|Win32
		{B76F2358-5D05-38B8-94E4-37EC73ED3150}.Release (x64)|x64.ActiveCfg = Release (x64)|x64
		{B76F2358-5D05-38B8-94E4-37EC73ED3150}.Release|Win32.ActiveCfg = Release|Win32
		{B76F2358-5D05-38B8-94E4-37EC73ED3150}.Release|Win32.Build.0 = Release|Win32
		{B76F2358-5D05-38B8-94E4-37EC73ED3150}.Release|x64.ActiveCfg = Release|Win32
		{03FC4656-A7ED-3694-9524-871E7C13009F}.Debug|Win32.ActiveCfg = Debug|Win32
		{03FC4656-A7ED-3694-9524-871E7C13009F}.Debug|Win32.Build.0 = Debug|Win32
		{03FC4656-A7ED-3694-9524-871E7C13009F}.Debug|x64.ActiveCfg = Debug|Win32
		{03FC4656-A7ED-3694-9524-871E7C13009F}.Release (x64)|Win32.ActiveCfg = Release (x64)|Win32
		{03FC4656-A7ED-3694-9524-871E7C13009F}.Release (x64)|Win32.Build.0 = Release (x64)|Win32
		{03FC4656-A7ED-3694-9524-871E7C13009F}.Release (x64)|x64.ActiveCfg = Release (x64)|x64
		{03FC4656-A7ED-3694-9524-871E7C13009F}.Release|Win32.ActiveCfg = Release|Win32
		{03FC4656-A7ED-3694-9524-871E7C13009F}.Release|Win32.Build.0 = Release|Win32
		{03FC4656-A7ED-3694-9524-871E7C13009F}.Release|x64.ActiveCfg = Release|Win32
		{69C31EB9-3AE7-39D9-9CCD-E94FBAE57CBE}.Debug|Win32.ActiveCfg = Debug|Win32
		{69C31EB9-3AE7-39D9-9CCD-E94FBAE57CBE}.Debug|Win32.Build.0 = Debug|Win32
		{69C31EB9-3AE7-39D9-9CCD-E94FBAE57CBE}.Debug|x64.ActiveCfg = Debug|Win32
		{69C31EB9-3AE7-39D9-9CCD-E94FBAE57CBE}.Release (x64)|Win32.ActiveCfg = Release (x64)|Win32
		{69C31EB9-3AE7-39D9-9CCD-E94FBAE57CBE}.Release (x64)|Win32.Build.0 = Release (x64)|Win32
		{69C31EB9-3AE7-39D9-9CCD-E94FBAE57CBE}.Release (x64)|x64.ActiveCfg = Release (x64)|x64
		{69C31EB9-3AE7-39D9-9CCD-E94FBAE57CBE}.Release|Win32.ActiveCfg = Release|Win32
		{69C31EB9-3AE7-39D9-9CCD-E94FBAE57CBE}.Release|Win32.Build.0 = Release|Win32
		{69C31EB9-3AE7-39D9-9CCD-E94FBAE57CBE}.Release|x64.ActiveCfg = Release|Win32
		{B01F5AA9-2917-3414-BA68-F756D95BFE7D}.Debug|Win32.ActiveCfg = Debug|Win32
		{B01F5AA9-2917-3414-BA68-F756D95BFE7D}.Debug|Win32.Build.0 = Debug|Win32
		{B01F5AA9-2917-3414-BA68-F756D95BFE7D}.Debug|x64.ActiveCfg = Debug|Win32
		{B01F5AA9-2917-3414-BA68-F756D95BFE7D}.Release (x64)|Win32.ActiveCfg = Release (x64)|Win32
		{B01F5AA9-2917-3414-BA68-F756D95BFE7D}.Release (x64)|Win32.Build.0 = Release (x64)|Win32
		{B01F5AA9-2917-3414-BA68-F756D95BFE7D}.Release (x64)|x64.ActiveCfg = Release (x64)|x64
		{B01F5AA9-2917-3414-BA68-F756D95BFE7D}.Release|Win32.ActiveCfg = Release|Win32
		{B01F5AA9-2917-3414-BA68-F756D95BFE7D}.Release|Win32.Build.0 = Release|Win32
		{B01F5AA9-2917-3414-BA68-F756D95BFE7D}.Release|x64.ActiveCfg = Release|Win32
		{CCC10EA9-31C5-489F-8632-B294AEE1CE30}.Debug|Win32.ActiveCfg = Debug|Win32
		{CCC10EA9-31C5-489F-8632-B294AEE1CE30}.Debug|Win32.Build.0 = Debug|Win32
		{CCC10EA9-31C5-489F-8632-B294AEE1CE30}.Debug|x64.ActiveCfg = Debug|x64
		{CCC10EA9-31C5-489F-8632-B294AEE1CE30}.Debug|x64.Build.0 = Debug|x64
		{CCC10EA9-31C5-489F-8632-B294AEE1CE30}.Release (x64)|Win32.ActiveCfg = Release (x64)|Win32
		{CCC10EA9-31C5-489F-8632-B294AEE1CE30}.Release (x64)|Win32.Build.0 = Release (x64)|Win32
		{CCC10EA9-31C5-489F-8632-B294AEE1CE30}.Release (x64)|x64.ActiveCfg = Release (x64)|x64
		{CCC10EA9-31C5-489F-8632-B294AEE1CE30}.Release (x64)|x64.Build.0 = Release (x64)|x64
		{CCC10EA9-31C5-489F-8632-B294AEE1CE30}.Release|Win32.ActiveCfg = Release|Win32
		{CCC10EA9-31C5-489F-8632-B294AEE1CE30}.Release|Win32.Build.0 = Release|Win32
		{CCC10EA9-31C5-489F-8632-B294AEE1CE30}.Release|x64.ActiveCfg = Release|x64
		{CCC10EA9-31C5-489F-8632-B294AEE1CE30}.Release|x64.Build.0 = Release|x64
		{3CB92653-573D-43FF-BB63-581D14ACA6E2}.Debug|Win32.ActiveCfg = Debug|Win32
		{3CB92653-573D-43FF-BB63-581D14ACA6E2}.Debug|Win32.Build.0 = Debug|Win32
		{3CB92653-573D-43FF-BB63-581D14ACA6E2}.Debug|x64.ActiveCfg = Debug|x64
		{3CB92653-573D-43FF-BB63-581D14ACA6E2}.Debug|x64.Build.0 = Debug|x64
		{3CB92653-573D-43FF-BB63-581D14ACA6E2}.Release (x64)|Win32.ActiveCfg = Release (x64)|Win32
		{3CB92653-573D-43FF-BB63-581D14ACA6E2}.Release (x64)|Win32.Build.0 = Release (x64)|Win32
		{3CB92653-573D-43FF-BB63-581D14ACA6E2}.Release (x64)|x64.ActiveCfg = Release (x64)|x64
		{3CB92653-573D-43FF-BB63-581D14ACA6E2}.Release (x64)|x64.Build.0 = Release (x64)|x64
		{3CB92653-573D-43FF-BB63-581D14ACA6E2}.Release|Win32.ActiveCfg = Release|Win32
		{3CB92653-573D-43FF-BB63-581D14ACA6E2}.Release|Win32.Build.0 = Release|Win32
		{3CB92653-573D-43FF-BB63-581D14ACA6E2}.Release|x64.ActiveCfg = Release|x64
		{3CB92653-573D-43FF-BB63-581D14ACA6E2}.Release|x64.Build.0 = Release|x64
		{099C44D6-3437-300D-BEF0-BD1A1FA56125}.Debug|Win32.ActiveCfg = Debug|Win32
		{099C44D6-3437-300D-BEF0-BD1A1FA56125}.Debug|Win32.Build.0 = Debug|Win32
		{099C44D6-3437-300D-BEF0-BD1A1FA56125}.Debug|x64.ActiveCfg = Debug|Win32
		{099C44D6-3437-300D-BEF0-BD1A1FA56125}.Release (x64)|Win32.ActiveCfg = Release (x64)|Win32
		{099C44D6-3437-300D-BEF0-BD1A1FA56125}.Release (x64)|Win32.Build.0 = Release (x64)|Win32
		{099C44D6-3437-300D-BEF0-BD1A1FA56125}.Release (x64)|x64.ActiveCfg = Release (x64)|x64
		{099C44D6-3437-300D-BEF0-BD1A1FA56125}.Release|Win32.ActiveCfg = Release|Win32
		{099C44D6-3437-300D-BEF0-BD1A1FA56125}.Release|Win32.Build.0 = Release|Win32
		{099C44D6-3437-300D-BEF0-BD1A1FA56125}.Release|x64.ActiveCfg = Release|Win32
		{245603E3-F580-41A5-9632-B25FE3372CBF}.Debug|Win32.ActiveCfg = Debug|Win32
		{245603E3-F580-41A5-9632-B25FE3372CBF}.Debug|Win32.Build.0 = Debug|Win32
		{245603E3-F580-41A5-9632-B25FE3372CBF}.Debug|x64.ActiveCfg = Debug|x64
		{245603E3-F580-41A5-9632-B25FE3372CBF}.Debug|x64.Build.0 = Debug|x64
		{245603E3-F580-41A5-9632-B25FE3372CBF}.Release (x64)|Win32.ActiveCfg = Release (x64)|Win32
		{245603E3-F580-41A5-9632-B25FE3372CBF}.Release (x64)|Win32.Build.0 = Release (x64)|Win32
		{245603E3-F580-41A5-9632-B25FE3372CBF}.Release (x64)|x64.ActiveCfg = Release (x64)|x64
		{245603E3-F580-41A5-9632-B25FE3372CBF}.Release (x64)|x64.Build.0 = Release (x64)|x64
		{245603E3-F580-41A5-9632-B25FE3372CBF}.Release|Win32.ActiveCfg = Release|Win32
		{245603E3-F580-41A5-9632-B25FE3372CBF}.Release|Win32.Build.0 = Release|Win32
		{245603E3-F580-41A5-9632-B25FE3372CBF}.Release|x64.ActiveCfg = Release|x64
		{245603E3-F580-41A5-9632-B25FE3372CBF}.Release|x64.Build.0 = Release|x64
		{219EC965-228A-1824-174D-96449D05F88A}.Debug|Win32.ActiveCfg = Debug|Win32
		{219EC965-228A-1824-174D-96449D05F88A}.Debug|Win32.Build.0 = Debug|Win32
		{219EC965-228A-1824-174D-96449D05F88A}.Debug|x64.ActiveCfg = Debug|x64
		{219EC965-228A-1824-174D-96449D05F88A}.Debug|x64.Build.0 = Debug|x64
		{219EC965-228A-1824-174D-96449D05F88A}.Release (x64)|Win32.ActiveCfg = Release (x64)|Win32
		{219EC965-228A-1824-174D-96449D05F88A}.Release (x64)|Win32.Build.0 = Release (x64)|Win32
		{219EC965-228A-1824-174D-96449D05F88A}.Release (x64)|x64.ActiveCfg = Release (x64)|x64
		{219EC965-228A-1824-174D-96449D05F88A}.Release (x64)|x64.Build.0 = Release (x64)|x64
		{219EC965-228A-1824-174D-96449D05F88A}.Release|Win32.ActiveCfg = Release|Win32
		{219EC965-228A-1824-174D-96449D05F88A}.Release|Win32.Build.0 = Release|Win32
		{219EC965-228A-1824-174D-96449D05F88A}.Release|x64.ActiveCfg = Release|x64
		{219EC965-228A-1824-174D-96449D05F88A}.Release|x64.Build.0 = Release|x64
		{C303D2FC-FF97-49B8-9DDD-467B4C9A0B16}.Debug|Win32.ActiveCfg = Debug|Win32
		{C303D2FC-FF97-49B8-9DDD-467B4C9A0B16}.Debug|Win32.Build.0 = Debug|Win32
		{C303D2FC-FF97-49B8-9DDD-467B4C9A0B16}.Debug|x64.ActiveCfg = Debug|x64
		{C303D2FC-FF97-49B8-9DDD-467B4C9A0B16}.Debug|x64.Build.0 = Debug|x64
		{C303D2FC-FF97-49B8-9DDD-467B4C9A0B16}.Release (x64)|Win32.ActiveCfg = Release (x64)|Win32
		{C303D2FC-FF97-49B8-9DDD-467B4C9A0B16}.Release (x64)|Win32.Build.0 = Release (x64)|Win32
		{C303D2FC-FF97-49B8-9DDD-467B4C9A0B16}.Release (x64)|x64.ActiveCfg = Release (x64)|x64
		{C303D2FC-FF97-49B8-9DDD-467B4C9A0B16}.Release (x64)|x64.Build.0 = Release (x64)|x64
		{C303D2FC-FF97-49B8-9DDD-467B4C9A0B16}.Release|Win32.ActiveCfg = Release|Win32
		{C303D2FC-FF97-49B8-9DDD-467B4C9A0B16}.Release|Win32.Build.0 = Release|Win32
		{C303D2FC-FF97-49B8-9DDD-467B4C9A0B16}.Release|x64.ActiveCfg = Release|x64
		{C303D2FC-FF97-49B8-9DDD-467B4C9A0B16}.Release|x64.Build.0 = Release|x64
		{8484C90D-1561-402F-A91D-2DB10F8C5171}.Debug|Win32.ActiveCfg = Debug|Win32
		{8484C90D-1561-402F-A91D-2DB10F8C5171}.Debug|Win32.Build.0 = Debug|Win32
		{8484C90D-1561-402F-A91D-2DB10F8C5171}.Debug|x64.ActiveCfg = Debug|x64
		{8484C90D-1561-402F-A91D-2DB10F8C5171}.Debug|x64.Build.0 = Debug|x64
		{8484C90D-1561-402F-A91D-2DB10F8C5171}.Release (x64)|Win32.ActiveCfg = Release (x64)|Win32
		{8484C90D-1561-402F-A91D-2DB10F8C5171}.Release (x64)|Win32.Build.0 = Release (x64)|Win32
		{8484C90D-1561-402F-A91D-2DB10F8C5171}.Release (x64)|x64.ActiveCfg = Release (x64)|x64
		{8484C90D-1561-402F-A91D-2DB10F8C5171}.Release (x64)|x64.Build.0 = Release (x64)|x64
		{8484C90D-1561-402F-A91D-2DB10F8C5171}.Release|Win32.ActiveCfg = Release|Win32
		{8484C90D-1561-402F-A91D-2DB10F8C5171}.Release|Win32.Build.0 = Release|Win32
		{8484C90D-1561-402F-A91D-2DB10F8C5171}.Release|x64.ActiveCfg = Release|x64
		{8484C90D-1561-402F-A91D-2DB10F8C5171}.Release|x64.Build.0 = Release|x64
		{9C4961D2-5DDB-40C7-9BE8-CA918DC4E782}.Debug|Win32.ActiveCfg = Debug|Win32
		{9C4961D2-5DDB-40C7-9BE8-CA918DC4E782}.Debug|Win32.Build.0 = Debug|Win32
		{9C4961D2-5DDB-40C7-9BE8-CA918DC4E782}.Debug|x64.ActiveCfg = Debug|x64
		{9C4961D2-5DDB-40C7-9BE8-CA918DC4E782}.Debug|x64.Build.0 = Debug|x64
		{9C4961D2-5DDB-40C7-9BE8-CA918DC4E782}.Release (x64)|Win32.ActiveCfg = Release (x64)|Win32
		{9C4961D2-5DDB-40C7-9BE8-CA918DC4E782}.Release (x64)|Win32.Build.0 = Release (x64)|Win32
		{9C4961D2-5DDB-40C7-9BE8-CA918DC4E782}.Release (x64)|x64.ActiveCfg = Release (x64)|x64
		{9C4961D2-5DDB-40C7-9BE8-CA918DC4E782}.Release (x64)|x64.Build.0 = Release (x64)|x64
		{9C4961D2-5DDB-40C7-9BE8-CA918DC4E782}.Release|Win32.ActiveCfg = Release|Win32
		{9C4961D2-5DDB-40C7-9BE8-CA918DC4E782}.Release|Win32.Build.0 = Release|Win32
		{9C4961D2-5DDB-40C7-9BE8-CA918DC4E782}.Release|x64.ActiveCfg = Release|x64
		{9C4961D2-5DDB-40C7-9BE8-CA918DC4E782}.Release|x64.Build.0 = Release|x64
		{50F2F748-A976-3AAC-97F5-35A573428CE6}.Debug|Win32.ActiveCfg = Debug|Win32
		{50F2F748-A976-3AAC-97F5-35A573428CE6}.Debug|Win32.Build.0 = Debug|Win32
		{50F2F748-A976-3AAC-97F5-35A573428CE6}.Debug|x64.ActiveCfg = Debug|Win32
		{50F2F748-A976-3AAC-97F5-35A573428CE6}.Release (x64)|Win32.ActiveCfg = Release (x64)|Win32
		{50F2F748-A976-3AAC-97F5-35A573428CE6}.Release (x64)|Win32.Build.0 = Release (x64)|Win32
		{50F2F748-A976-3AAC-97F5-35A573428CE6}.Release (x64)|x64.ActiveCfg = Release (x64)|x64
		{50F2F748-A976-3AAC-97F5-35A573428CE6}.Release|Win32.ActiveCfg = Release|Win32
		{50F2F748-A976-3AAC-97F5-35A573428CE6}.Release|Win32.Build.0 = Release|Win32
		{50F2F748-A976-3AAC-97F5-35A573428CE6}.Release|x64.ActiveCfg = Release|Win32
		{B4B5FBB6-4E1C-43DB-B73E-6AE3C9AA2AC5}.Debug|Win32.ActiveCfg = Debug|Win32
		{B4B5FBB6-4E1C-43DB-B73E-6AE3C9AA2AC5}.Debug|Win32.Build.0 = Debug|Win32
		{B4B5FBB6-4E1C-43DB-B73E-6AE3C9AA2AC5}.Debug|x64.ActiveCfg = Debug|Win32
		{B4B5FBB6-4E1C-43DB-B73E-6AE3C9AA2AC5}.Release (x64)|Win32.ActiveCfg = Release (x64)|Win32
		{B4B5FBB6-4E1C-43DB-B73E-6AE3C9AA2AC5}.Release (x64)|Win32.Build.0 = Release (x64)|Win32
		{B4B5FBB6-4E1C-43DB-B73E-6AE3C9AA2AC5}.Release (x64)|x64.ActiveCfg = Release (x64)|x64
		{B4B5FBB6-4E1C-43DB-B73E-6AE3C9AA2AC5}.Release (x64)|x64.Build.0 = Release (x64)|x64
		{B4B5FBB6-4E1C-43DB-B73E-6AE3C9AA2AC5}.Release|Win32.ActiveCfg = Release|Win32
		{B4B5FBB6-4E1C-43DB-B73E-6AE3C9AA2AC5}.Release|Win32.Build.0 = Release|Win32
		{B4B5FBB6-4E1C-43DB-B73E-6AE3C9AA2AC5}.Release|x64.ActiveCfg = Release|Win32
	EndGlobalSection
	GlobalSection(SolutionProperties) = preSolution
		HideSolutionNode = FALSE
	EndGlobalSection
	GlobalSection(NestedProjects) = preSolution
		{6A17CB88-F0BC-3A3E-A739-ADA98D51ED38} = {9FFC6DBE-A94A-4C0C-993A-D2EEF8A5722F}
		{395D8CA6-16E7-3C44-B8FA-65F713925FAE} = {9FFC6DBE-A94A-4C0C-993A-D2EEF8A5722F}
		{DCE19DAF-69AC-46DB-B14A-39F0FAA5DB74} = {9FFC6DBE-A94A-4C0C-993A-D2EEF8A5722F}
		{772C2111-BBBF-49E6-B912-198A7F7A88E5} = {9FFC6DBE-A94A-4C0C-993A-D2EEF8A5722F}
		{B76F2358-5D05-38B8-94E4-37EC73ED3150} = {9FFC6DBE-A94A-4C0C-993A-D2EEF8A5722F}
		{03FC4656-A7ED-3694-9524-871E7C13009F} = {9FFC6DBE-A94A-4C0C-993A-D2EEF8A5722F}
		{69C31EB9-3AE7-39D9-9CCD-E94FBAE57CBE} = {9FFC6DBE-A94A-4C0C-993A-D2EEF8A5722F}
		{B01F5AA9-2917-3414-BA68-F756D95BFE7D} = {9FFC6DBE-A94A-4C0C-993A-D2EEF8A5722F}
		{CCC10EA9-31C5-489F-8632-B294AEE1CE30} = {49FFD091-537D-45B3-B828-F53045954BCE}
		{3CB92653-573D-43FF-BB63-581D14ACA6E2} = {49FFD091-537D-45B3-B828-F53045954BCE}
		{099C44D6-3437-300D-BEF0-BD1A1FA56125} = {9FFC6DBE-A94A-4C0C-993A-D2EEF8A5722F}
		{FA009D11-9BAC-4721-ABF2-3B7CDE607669} = {9FFC6DBE-A94A-4C0C-993A-D2EEF8A5722F}
		{245603E3-F580-41A5-9632-B25FE3372CBF} = {FA009D11-9BAC-4721-ABF2-3B7CDE607669}
		{219EC965-228A-1824-174D-96449D05F88A} = {FA009D11-9BAC-4721-ABF2-3B7CDE607669}
		{C303D2FC-FF97-49B8-9DDD-467B4C9A0B16} = {FA009D11-9BAC-4721-ABF2-3B7CDE607669}
		{8484C90D-1561-402F-A91D-2DB10F8C5171} = {FA009D11-9BAC-4721-ABF2-3B7CDE607669}
		{9C4961D2-5DDB-40C7-9BE8-CA918DC4E782} = {FA009D11-9BAC-4721-ABF2-3B7CDE607669}
		{50F2F748-A976-3AAC-97F5-35A573428CE6} = {9FFC6DBE-A94A-4C0C-993A-D2EEF8A5722F}
	EndGlobalSection
EndGlobal
