<?xml version="1.0" encoding="utf-8"?>
<Project ToolsVersion="4.0" xmlns="http://schemas.microsoft.com/developer/msbuild/2003">
  <ItemGroup>
    <Filter Include="base">
      <UniqueIdentifier>{2d609bc8-f775-41c7-97ea-5e1d37d1c484}</UniqueIdentifier>
    </Filter>
    <Filter Include="codec">
      <UniqueIdentifier>{fffb58ae-9f1f-4a6f-ac3a-e5e5d247a457}</UniqueIdentifier>
    </Filter>
    <Filter Include="desktop_capture">
      <UniqueIdentifier>{3628cfb3-f967-412d-aa33-4769c1455545}</UniqueIdentifier>
    </Filter>
    <Filter Include="client">
      <UniqueIdentifier>{f386621d-af3e-4d74-807d-1cfa46b2a29f}</UniqueIdentifier>
    </Filter>
    <Filter Include="network">
      <UniqueIdentifier>{48d5ff0d-110c-430d-9391-ae83627680e5}</UniqueIdentifier>
    </Filter>
    <Filter Include="proto">
      <UniqueIdentifier>{8bf5962a-003d-4a9c-a1d2-2a0eb0c2af44}</UniqueIdentifier>
    </Filter>
    <Filter Include="crypto">
      <UniqueIdentifier>{e7cad8d0-83ac-42ce-9dd7-6f90d4a4c24e}</UniqueIdentifier>
    </Filter>
    <Filter Include="host">
      <UniqueIdentifier>{00ae15ad-82ed-43c9-bcc0-27349b9e6de7}</UniqueIdentifier>
    </Filter>
  </ItemGroup>
  <ItemGroup>
    <ClCompile Include="base\process.cpp">
      <Filter>base</Filter>
    </ClCompile>
    <ClCompile Include="base\scoped_thread_desktop.cpp">
      <Filter>base</Filter>
    </ClCompile>
    <ClCompile Include="base\thread.cpp">
      <Filter>base</Filter>
    </ClCompile>
    <ClCompile Include="base\unicode.cpp">
      <Filter>base</Filter>
    </ClCompile>
    <ClCompile Include="codec\compressor_zlib.cpp">
      <Filter>codec</Filter>
    </ClCompile>
    <ClCompile Include="codec\decompressor_zlib.cpp">
      <Filter>codec</Filter>
    </ClCompile>
    <ClCompile Include="codec\scoped_vpx_codec.cpp">
      <Filter>codec</Filter>
    </ClCompile>
    <ClCompile Include="codec\video_decoder_vp8.cpp">
      <Filter>codec</Filter>
    </ClCompile>
    <ClCompile Include="codec\video_decoder_zlib.cpp">
      <Filter>codec</Filter>
    </ClCompile>
    <ClCompile Include="codec\video_encoder_vp8.cpp">
      <Filter>codec</Filter>
    </ClCompile>
    <ClCompile Include="codec\video_encoder_zlib.cpp">
      <Filter>codec</Filter>
    </ClCompile>
    <ClCompile Include="desktop_capture\capture_scheduler.cpp">
      <Filter>desktop_capture</Filter>
    </ClCompile>
    <ClCompile Include="desktop_capture\capturer_gdi.cpp">
      <Filter>desktop_capture</Filter>
    </ClCompile>
    <ClCompile Include="desktop_capture\desktop_rect.cpp">
      <Filter>desktop_capture</Filter>
    </ClCompile>
    <ClCompile Include="desktop_capture\diff_block_sse2.cpp">
      <Filter>desktop_capture</Filter>
    </ClCompile>
    <ClCompile Include="desktop_capture\differ.cpp">
      <Filter>desktop_capture</Filter>
    </ClCompile>
    <ClCompile Include="desktop_capture\pixel_format.cpp">
      <Filter>desktop_capture</Filter>
    </ClCompile>
    <ClCompile Include="network\socket_tcp.cpp">
      <Filter>network</Filter>
    </ClCompile>
    <ClCompile Include="proto\proto.pb.cc">
      <Filter>proto</Filter>
    </ClCompile>
    <ClCompile Include="base\runas_service.cpp">
      <Filter>base</Filter>
    </ClCompile>
    <ClCompile Include="crypto\encryptor_aes.cpp">
      <Filter>crypto</Filter>
    </ClCompile>
    <ClCompile Include="crypto\decryptor_aes.cpp">
      <Filter>crypto</Filter>
    </ClCompile>
    <ClCompile Include="base\scoped_aligned_buffer.cpp">
      <Filter>base</Filter>
    </ClCompile>
    <ClCompile Include="desktop_capture\desktop_size.cpp">
      <Filter>desktop_capture</Filter>
    </ClCompile>
    <ClCompile Include="base\waitable_event.cpp">
      <Filter>base</Filter>
    </ClCompile>
    <ClCompile Include="base\lock.cpp">
      <Filter>base</Filter>
    </ClCompile>
    <ClCompile Include="host\screen_sender.cpp">
      <Filter>host</Filter>
    </ClCompile>
    <ClCompile Include="client\client.cpp">
      <Filter>client</Filter>
    </ClCompile>
    <ClCompile Include="desktop_capture\desktop_point.cpp">
      <Filter>desktop_capture</Filter>
    </ClCompile>
    <ClCompile Include="desktop_capture\scoped_desktop_effects.cpp">
      <Filter>desktop_capture</Filter>
    </ClCompile>
    <ClCompile Include="base\service.cpp">
      <Filter>base</Filter>
    </ClCompile>
    <ClCompile Include="base\service_control.cpp">
      <Filter>base</Filter>
    </ClCompile>
    <ClCompile Include="base\clipboard.cpp">
      <Filter>base</Filter>
    </ClCompile>
    <ClCompile Include="base\desktop.cpp">
      <Filter>base</Filter>
    </ClCompile>
    <ClCompile Include="base\power.cpp">
      <Filter>base</Filter>
    </ClCompile>
    <ClCompile Include="host\input_injector.cpp">
      <Filter>host</Filter>
    </ClCompile>
    <ClCompile Include="host\sas_injector.cpp">
      <Filter>host</Filter>
    </ClCompile>
    <ClCompile Include="host\scoped_sas_police.cpp">
      <Filter>host</Filter>
    </ClCompile>
    <ClCompile Include="host\host.cpp">
      <Filter>host</Filter>
    </ClCompile>
    <ClCompile Include="base\scoped_kernel32_library.cpp">
      <Filter>base</Filter>
    </ClCompile>
    <ClCompile Include="base\scoped_wtsapi32_library.cpp">
      <Filter>base</Filter>
    </ClCompile>
    <ClCompile Include="base\registry.cpp">
      <Filter>base</Filter>
    </ClCompile>
    <ClCompile Include="desktop_capture\x11region.c">
      <Filter>desktop_capture</Filter>
    </ClCompile>
    <ClCompile Include="desktop_capture\desktop_region.cpp">
      <Filter>desktop_capture</Filter>
    </ClCompile>
    <ClCompile Include="crypto\sha512.cpp">
      <Filter>crypto</Filter>
    </ClCompile>
    <ClCompile Include="proto\auth.pb.cc">
      <Filter>proto</Filter>
    </ClCompile>
    <ClCompile Include="proto\video.pb.cc">
      <Filter>proto</Filter>
    </ClCompile>
    <ClCompile Include="desktop_capture\dib_buffer.cpp">
      <Filter>desktop_capture</Filter>
    </ClCompile>
    <ClCompile Include="codec\video_encoder_vp9.cpp">
      <Filter>codec</Filter>
    </ClCompile>
    <ClCompile Include="codec\video_decoder_vp9.cpp">
      <Filter>codec</Filter>
    </ClCompile>
    <ClCompile Include="client\client_config.cpp">
      <Filter>client</Filter>
    </ClCompile>
    <ClCompile Include="client\screen_config.cpp">
      <Filter>client</Filter>
    </ClCompile>
    <ClCompile Include="desktop_capture\cursor_capturer.cpp">
      <Filter>desktop_capture</Filter>
    </ClCompile>
  </ItemGroup>
  <ItemGroup>
    <ClInclude Include="base\exception.h">
      <Filter>base</Filter>
    </ClInclude>
    <ClInclude Include="base\logging.h">
      <Filter>base</Filter>
    </ClInclude>
    <ClInclude Include="base\macros.h">
      <Filter>base</Filter>
    </ClInclude>
    <ClInclude Include="base\process.h">
      <Filter>base</Filter>
    </ClInclude>
    <ClInclude Include="base\scoped_aligned_buffer.h">
      <Filter>base</Filter>
    </ClInclude>
    <ClInclude Include="base\scoped_gdi_object.h">
      <Filter>base</Filter>
    </ClInclude>
    <ClInclude Include="base\scoped_handle.h">
      <Filter>base</Filter>
    </ClInclude>
    <ClInclude Include="base\scoped_hdc.h">
      <Filter>base</Filter>
    </ClInclude>
    <ClInclude Include="base\scoped_native_library.h">
      <Filter>base</Filter>
    </ClInclude>
    <ClInclude Include="base\scoped_thread_desktop.h">
      <Filter>base</Filter>
    </ClInclude>
    <ClInclude Include="base\thread.h">
      <Filter>base</Filter>
    </ClInclude>
    <ClInclude Include="base\unicode.h">
      <Filter>base</Filter>
    </ClInclude>
    <ClInclude Include="codec\compressor.h">
      <Filter>codec</Filter>
    </ClInclude>
    <ClInclude Include="codec\compressor_zlib.h">
      <Filter>codec</Filter>
    </ClInclude>
    <ClInclude Include="codec\decompressor.h">
      <Filter>codec</Filter>
    </ClInclude>
    <ClInclude Include="codec\decompressor_zlib.h">
      <Filter>codec</Filter>
    </ClInclude>
    <ClInclude Include="codec\scoped_vpx_codec.h">
      <Filter>codec</Filter>
    </ClInclude>
    <ClInclude Include="codec\video_decoder.h">
      <Filter>codec</Filter>
    </ClInclude>
    <ClInclude Include="codec\video_decoder_vp8.h">
      <Filter>codec</Filter>
    </ClInclude>
    <ClInclude Include="codec\video_decoder_zlib.h">
      <Filter>codec</Filter>
    </ClInclude>
    <ClInclude Include="codec\video_encoder.h">
      <Filter>codec</Filter>
    </ClInclude>
    <ClInclude Include="codec\video_encoder_vp8.h">
      <Filter>codec</Filter>
    </ClInclude>
    <ClInclude Include="codec\video_encoder_zlib.h">
      <Filter>codec</Filter>
    </ClInclude>
    <ClInclude Include="desktop_capture\capture_scheduler.h">
      <Filter>desktop_capture</Filter>
    </ClInclude>
    <ClInclude Include="desktop_capture\capturer.h">
      <Filter>desktop_capture</Filter>
    </ClInclude>
    <ClInclude Include="desktop_capture\capturer_gdi.h">
      <Filter>desktop_capture</Filter>
    </ClInclude>
    <ClInclude Include="desktop_capture\desktop_rect.h">
      <Filter>desktop_capture</Filter>
    </ClInclude>
    <ClInclude Include="desktop_capture\desktop_size.h">
      <Filter>desktop_capture</Filter>
    </ClInclude>
    <ClInclude Include="desktop_capture\diff_block_sse2.h">
      <Filter>desktop_capture</Filter>
    </ClInclude>
    <ClInclude Include="desktop_capture\differ.h">
      <Filter>desktop_capture</Filter>
    </ClInclude>
    <ClInclude Include="desktop_capture\pixel_format.h">
      <Filter>desktop_capture</Filter>
    </ClInclude>
    <ClInclude Include="client\message_queue.h">
      <Filter>client</Filter>
    </ClInclude>
    <ClInclude Include="network\socket.h">
      <Filter>network</Filter>
    </ClInclude>
    <ClInclude Include="network\socket_tcp.h">
      <Filter>network</Filter>
    </ClInclude>
    <ClInclude Include="proto\proto.pb.h">
      <Filter>proto</Filter>
    </ClInclude>
    <ClInclude Include="base\runas_service.h">
      <Filter>base</Filter>
    </ClInclude>
    <ClInclude Include="base\scoped_kernel32_library.h">
      <Filter>base</Filter>
    </ClInclude>
    <ClInclude Include="base\scoped_wtsapi32_library.h">
      <Filter>base</Filter>
    </ClInclude>
    <ClInclude Include="crypto\encryptor.h">
      <Filter>crypto</Filter>
    </ClInclude>
    <ClInclude Include="base\scoped_sc_handle.h">
      <Filter>base</Filter>
    </ClInclude>
    <ClInclude Include="crypto\encryptor_aes.h">
      <Filter>crypto</Filter>
    </ClInclude>
    <ClInclude Include="crypto\decryptor.h">
      <Filter>crypto</Filter>
    </ClInclude>
    <ClInclude Include="crypto\decryptor_aes.h">
      <Filter>crypto</Filter>
    </ClInclude>
    <ClInclude Include="base\waitable_event.h">
      <Filter>base</Filter>
    </ClInclude>
    <ClInclude Include="base\lock.h">
      <Filter>base</Filter>
    </ClInclude>
    <ClInclude Include="network\server_tcp.h">
      <Filter>network</Filter>
    </ClInclude>
    <ClInclude Include="host\screen_sender.h">
      <Filter>host</Filter>
    </ClInclude>
    <ClInclude Include="client\client.h">
      <Filter>client</Filter>
    </ClInclude>
    <ClInclude Include="base\scoped_select_object.h">
      <Filter>base</Filter>
    </ClInclude>
    <ClInclude Include="desktop_capture\desktop_point.h">
      <Filter>desktop_capture</Filter>
    </ClInclude>
    <ClInclude Include="desktop_capture\scoped_desktop_effects.h">
      <Filter>desktop_capture</Filter>
    </ClInclude>
    <ClInclude Include="base\service.h">
      <Filter>base</Filter>
    </ClInclude>
    <ClInclude Include="base\service_control.h">
      <Filter>base</Filter>
    </ClInclude>
    <ClInclude Include="base\clipboard.h">
      <Filter>base</Filter>
    </ClInclude>
    <ClInclude Include="base\desktop.h">
      <Filter>base</Filter>
    </ClInclude>
    <ClInclude Include="base\power.h">
      <Filter>base</Filter>
    </ClInclude>
    <ClInclude Include="host\input_injector.h">
      <Filter>host</Filter>
    </ClInclude>
    <ClInclude Include="host\sas_injector.h">
      <Filter>host</Filter>
    </ClInclude>
    <ClInclude Include="host\scoped_sas_police.h">
      <Filter>host</Filter>
    </ClInclude>
    <ClInclude Include="network\client_tcp.h">
      <Filter>network</Filter>
    </ClInclude>
    <ClInclude Include="host\host.h">
      <Filter>host</Filter>
    </ClInclude>
    <ClInclude Include="base\registry.h">
      <Filter>base</Filter>
    </ClInclude>
    <ClInclude Include="base\thread_pool.h">
      <Filter>base</Filter>
    </ClInclude>
    <ClInclude Include="desktop_capture\x11region.h">
      <Filter>desktop_capture</Filter>
    </ClInclude>
    <ClInclude Include="desktop_capture\desktop_region.h">
      <Filter>desktop_capture</Filter>
    </ClInclude>
    <ClInclude Include="crypto\sha512.h">
      <Filter>crypto</Filter>
    </ClInclude>
    <ClInclude Include="proto\auth.pb.h">
      <Filter>proto</Filter>
    </ClInclude>
    <ClInclude Include="proto\video.pb.h">
      <Filter>proto</Filter>
    </ClInclude>
    <ClInclude Include="desktop_capture\dib_buffer.h">
      <Filter>desktop_capture</Filter>
    </ClInclude>
    <ClInclude Include="codec\video_encoder_vp9.h">
      <Filter>codec</Filter>
    </ClInclude>
    <ClInclude Include="codec\video_decoder_vp9.h">
      <Filter>codec</Filter>
    </ClInclude>
    <ClInclude Include="codec\pixel_translator.h">
      <Filter>codec</Filter>
    </ClInclude>
    <ClInclude Include="client\client_config.h">
      <Filter>client</Filter>
    </ClInclude>
    <ClInclude Include="client\screen_config.h">
      <Filter>client</Filter>
    </ClInclude>
    <ClInclude Include="codec\pixel_translator_argb.h">
      <Filter>codec</Filter>
    </ClInclude>
    <ClInclude Include="desktop_capture\cursor_capturer.h">
      <Filter>desktop_capture</Filter>
    </ClInclude>
  </ItemGroup>
  <ItemGroup>
    <None Include="proto\proto.proto">
      <Filter>proto</Filter>
    </None>
    <None Include="proto\auth.proto">
      <Filter>proto</Filter>
    </None>
    <None Include="proto\video.proto">
      <Filter>proto</Filter>
    </None>
  </ItemGroup>
</Project>