<?xml version="1.0" encoding="utf-8"?>
<Project ToolsVersion="4.0" xmlns="http://schemas.microsoft.com/developer/msbuild/2003">
  <ItemGroup>
    <ClCompile Include="main_dialog.cpp" />
    <ClCompile Include="main.cpp" />
    <ClCompile Include="timer.cpp" />
    <ClCompile Include="viewer_window.cpp" />
    <ClCompile Include="about_dialog.cpp" />
    <ClCompile Include="auth_dialog.cpp" />
    <ClCompile Include="video_window.cpp" />
    <ClCompile Include="status_dialog.cpp" />
    <ClCompile Include="viewer_bar.cpp" />
    <ClCompile Include="settings_dialog.cpp" />
    <ClCompile Include="users_dialog.cpp" />
    <ClCompile Include="add_user_dialog.cpp" />
  </ItemGroup>
  <ItemGroup>
    <ClInclude Include="main_dialog.h" />
    <ClInclude Include="resource.h" />
    <ClInclude Include="timer.h" />
    <ClInclude Include="viewer_window.h" />
    <ClInclude Include="about_dialog.h" />
    <ClInclude Include="tray_icon.h" />
    <ClInclude Include="auth_dialog.h" />
    <ClInclude Include="video_window.h" />
    <ClInclude Include="status_dialog.h" />
    <ClInclude Include="scoped_windows_hook.h" />
    <ClInclude Include="viewer_bar.h" />
    <ClInclude Include="settings_dialog.h" />
    <ClInclude Include="dialog_thread.h" />
    <ClInclude Include="users_dialog.h" />
    <ClInclude Include="add_user_dialog.h" />
  </ItemGroup>
  <ItemGroup>
    <Filter Include="lang">
      <UniqueIdentifier>{f4f764f8-6cb6-4975-b788-3a508f0b5de0}</UniqueIdentifier>
    </Filter>
  </ItemGroup>
  <ItemGroup>
    <ResourceCompile Include="lang\en-US.rc">
      <Filter>lang</Filter>
    </ResourceCompile>
    <ResourceCompile Include="resource.rc" />
    <ResourceCompile Include="version.rc" />
  </ItemGroup>
</Project>